lockVersion: 2.0.0
id: 92d38f89-fe62-4721-afcb-18b83b789b73
management:
  docChecksum: 277250dc2044b04fc59ff32d7db7474e
  docVersion: 1.0.0
  speakeasyVersion: 1.800.1
  generationVersion: 2.943.0
  releaseVersion: 0.0.1
  configChecksum: 03a5221605a00483206e066fb0211d7d
persistentEdits:
  generation_id: 450d5cc5-7066-49bd-9c12-9b630ee05252
  pristine_commit_hash: 82eefba937c4efb3b783702fabcc2dd20cfb1f3a
  pristine_tree_hash: ba869cc5eb233adfe45aa0f71afbdf38701edff1
features:
  typescript:
    additionalDependencies: 0.1.0
    core: 3.31.6
    defaultEnabledRetries: 0.1.0
    devContainers: 2.90.1
    enumUnions: 0.1.0
    envVarSecurityUsage: 0.1.2
    globalSecurityCallbacks: 0.1.0
    globalServerURLs: 2.83.1
    methodArguments: 0.1.2
    responseFormat: 0.3.0
    retries: 2.83.2
    sdkHooks: 0.4.0
trackedFiles:
  .devcontainer/README.md:
    id: b170c0f184ac
    last_write_checksum: sha1:b6564d2a7c8ae764fff6d1b4666dcd787210a000
    pristine_git_object: cdef18c30e383534a868742e1b9148f2670606f9
  .devcontainer/devcontainer.json:
    id: b34062a34eb1
    last_write_checksum: sha1:d0b15193202c961e7d1875864ddb15f9d17c84dd
    pristine_git_object: 4d560dd5f40afaf10d96eb75b1f02cd48bbd640c
  .devcontainer/setup.sh:
    id: 5f1dfbfeb8eb
    last_write_checksum: sha1:4fc14edef3a962c967b1b5b47229274d50f06b43
    pristine_git_object: 8e536fd0734716d303b308f719d98176d15be81c
  .gitattributes:
    id: 24139dae6567
    last_write_checksum: sha1:26d16d8297b104945139da8c25bd38feeaad3e25
    pristine_git_object: 113eead5093c17d43a46159132885318f281a68a
  .npmignore:
    id: aa70c1f807c3
    last_write_checksum: sha1:6572da81f2e7a978ec29c22c2210bf461c5897b2
    pristine_git_object: 670ac0a62d7e568c9d44a14f5deafb8442a255d8
  .oxlintrc.json:
    id: 8b9b571b1983
    last_write_checksum: sha1:f14bd09c455fa2de0d94641369b7888d23ee62f2
    pristine_git_object: 6ee2921010070a544e252596defc55d501e1c1ae
  FUNCTIONS.md:
    id: 21b9df02aaeb
    last_write_checksum: sha1:bc05e98177228f0bc06370cca4c5047b7b20c514
    pristine_git_object: aecfed8a8081741c1b99b190ec275729fbd5600c
  RUNTIMES.md:
    id: 620c490847b6
    last_write_checksum: sha1:e45b854f02c357cbcfdb8c3663000e8339e16505
    pristine_git_object: 27731c3b5ace66bedc454ed5acbe15075aacd3dc
  USAGE.md:
    id: 3aed33ce6e6f
    last_write_checksum: sha1:fa2845f05b8606349f5305590d41ca92d52ae44e
    pristine_git_object: 96e2b94d57936d0186dfe448007c86159ba63b9d
  docs/lib/utils/retryconfig.md:
    id: 0ce9707cb848
    last_write_checksum: sha1:bc4454e196fcd219f5a78da690375a884f5ed07b
    pristine_git_object: 08f95f4552349360b2c0b01802aa71ec3a55d2c2
  docs/models/challenge.md:
    id: 74946b16e844
    last_write_checksum: sha1:79ecbcf0bdf67097a914e3942ba5786991f396c2
    pristine_git_object: 7e654ff5646a678308cd8f777daaf8ec8a140355
  docs/models/difficulty.md:
    id: ca630c799284
    last_write_checksum: sha1:a3aec9622ec76f1ee30aa4a79a55b824f1def55d
    pristine_git_object: 535a9f2619627a614098aa01e27486bbd92672d5
  docs/models/errors/error-response.md:
    id: 42d2f6b1c814
    last_write_checksum: sha1:81e49bdd8a8a5ac285dcacc34165971c9392fc6e
    pristine_git_object: a793905d9c012258c452fd067cd952d17ecb23ad
  docs/models/health-response.md:
    id: 76ea3fbe6d66
    last_write_checksum: sha1:3d28c63c3416934c044183cbcd74b9e989cb7b46
    pristine_git_object: 0e70ebcab9f56c3515e076b7bda9835d0ad6671f
  docs/models/operations/get-challenge-request.md:
    id: 9ec12a09217e
    last_write_checksum: sha1:8754df2bf3a91eb48bf8d2f1f7f346d532a03327
    pristine_git_object: c1ea23021fa791644b72e8d9b9d02a8f99a137b0
  docs/sdks/challenges/README.md:
    id: 54cada786213
    last_write_checksum: sha1:e9096dfbe33e44dbb8f48e285b622379656b8a85
    pristine_git_object: 1248e4c58c74bae3a4ff8394fe48b1b0d8d3b6c2
  docs/sdks/health/README.md:
    id: 5082c50d5e82
    last_write_checksum: sha1:604bf2b869b66b579d7e53744d82a292174f4d0e
    pristine_git_object: a50c415adc9fdb972a708721879ff70c0086157d
  examples/.env.template:
    id: 52cbe5afed92
    last_write_checksum: sha1:e467fa5f54100215a05e301a69416214bae5f698
    pristine_git_object: 13333e754974ddcdba548d6c192de8d71ad19a35
  examples/README.md:
    id: 9d0f69d6e677
    last_write_checksum: sha1:42bea29c2bc223abb7c76ac3bee81d2b40c95081
    pristine_git_object: 55d141b1bfcdd1c2a8219abafca1bd6e7cfbbe64
  examples/healthGetHealth.example.ts:
    id: 958c06cca5ff
    last_write_checksum: sha1:7f3f112267eb9ed48f01f44a484aea070e17890a
    pristine_git_object: 31ca517bf278f73c6c8b2eb7cbd9d55458b068de
  examples/package.json:
    id: c1d7b0ec8e7e
    last_write_checksum: sha1:3f50be864095f2165b948898c53d694c9eba4112
    pristine_git_object: 6efcd85567cf3f8c1c63892c9dac6ec669e2f007
  jsr.json:
    id: 7f6ab7767282
    last_write_checksum: sha1:46f595f15f63c40400b05540b00df0ecb3035aa3
    pristine_git_object: 80646a8e898a270452f74ed0585ec74250af9d19
  package.json:
    id: 7030d0b2f71b
    last_write_checksum: sha1:7a294cc139de41759bdb19182082bba9b82a6f8b
    pristine_git_object: 7b253b6f554ab8c6c4d4c63fa58c45019c7100dd
  src/core.ts:
    id: f431fdbcd144
    last_write_checksum: sha1:ed96f54b7bb035392860dfecee19d494cd9d2828
    pristine_git_object: 31886c56207ff925bf1b5e06361e480ee4ca608e
  src/funcs/challenges-get-challenge.ts:
    id: 8748f95822a2
    last_write_checksum: sha1:a2a1277f730ce2ae7e5da84c233cf001c58ee0c2
    pristine_git_object: fe802017f7102dc71fe7a9155b6ef388f1e2f4f6
  src/funcs/challenges-list-challenges.ts:
    id: 062f1a2bd510
    last_write_checksum: sha1:9d00222cb83c3c82d51238bbe878b0fc3b87c71a
    pristine_git_object: d5fb485735073e029ca7701b81b4254ff08b35a5
  src/funcs/health-get-health.ts:
    id: 8597788a70b4
    last_write_checksum: sha1:a4a3929b4eb90730a6db8f148b0508122992e421
    pristine_git_object: 5f655833e58745af86917d84defd5b2e73e0bc89
  src/hooks/hooks.ts:
    id: a2463fc6f69b
    last_write_checksum: sha1:3a90d88b4c6c07247db8e5f6441a79538232394e
    pristine_git_object: 94ad0a323123b34dc638717c5d67a3c23c54d5c6
  src/hooks/index.ts:
    id: 5f2dab62b520
    last_write_checksum: sha1:1a11c073a6cd792932218e1d4ed36b8567bad8ef
    pristine_git_object: f60ec7acd76141a71d78008c5a362eb0236d8335
  src/hooks/types.ts:
    id: 2a02d86ec24f
    last_write_checksum: sha1:8e6a1813e04a0a32009cb07e9772e4166658be1b
    pristine_git_object: a6aa5a25df8f60887455e4b54399fe07b7abe095
  src/index.ts:
    id: c5fb850250c7
    last_write_checksum: sha1:35c9cde3ae14b18b3f893a1afe8b6c44f8760f24
    pristine_git_object: dbcba164a0082e3bb8c43cf21fa7f8ffb9d35dfc
  src/lib/base64.ts:
    id: "598522066688"
    last_write_checksum: sha1:8c94164f2f78e6041c853186fa01f659591f5913
    pristine_git_object: 44be0eae8246521b230e8e711a88eff738fc015d
  src/lib/config.ts:
    id: 320761608fb3
    last_write_checksum: sha1:b365ab8f3a2de0c854444bb4139774c906152988
    pristine_git_object: 83b6179d3d7adcef57b6678b8adefbbcffecb38a
  src/lib/encodings.ts:
    id: 3bd8ead98afd
    last_write_checksum: sha1:4481b2a380f8a16856ef92c66fb370299f56d135
    pristine_git_object: e2bcb0da4968c2f30c226b94267ddf37ed9e627d
  src/lib/env.ts:
    id: c52972a3b198
    last_write_checksum: sha1:058ffa0cb93d12b5446ceb5c800d6fe140083d40
    pristine_git_object: a09256a03141a7ae39135c172e52f4ff1a9f54d9
  src/lib/files.ts:
    id: e5efa54fcb95
    last_write_checksum: sha1:795c14026405d547bfc47012f7ad9666e530fa7f
    pristine_git_object: 6ca6b37d35a12448da176ee2517cc036db12c81c
  src/lib/http.ts:
    id: 63a80782d37e
    last_write_checksum: sha1:a56435907625a816051aa2131d60909c59f1da27
    pristine_git_object: 6b7a6cf3e281cae246708b1aca4a27730e08fe61
  src/lib/logger.ts:
    id: 7ee7741a02bf
    last_write_checksum: sha1:0ec9d3a2a34c362746b767e4f9a746c055d57a7b
    pristine_git_object: d181f2937d4128afbe9b0327e0f81d1fa9c877b7
  src/lib/matchers.ts:
    id: d54b2253b719
    last_write_checksum: sha1:17d2da0b0146f2d0bf31388cee9940f7ad266e4a
    pristine_git_object: f070a835331ff7cbc96c5c34689fb897576734c2
  src/lib/primitives.ts:
    id: 74859f750b28
    last_write_checksum: sha1:fe3abb7d6b61596e346873519bcec9b2eaa61467
    pristine_git_object: 8ce65db0f7c0d6b68f5edc3ebf518121e284e954
  src/lib/retries.ts:
    id: b24a69d15639
    last_write_checksum: sha1:42c8f6cc4c875be236230a8c760f4f32d8c1ab68
    pristine_git_object: 21a647e1e9ae64817fcd63b5dd6bb5a51b63d225
  src/lib/schemas.ts:
    id: deb4b531fae1
    last_write_checksum: sha1:b4b5fd22340ebd5b2914ee7b177c797b28fba7ef
    pristine_git_object: cf280491bf54dbd4d78e5c071c3b85cf5ca9e35e
  src/lib/sdks.ts:
    id: 8a6d91f1218d
    last_write_checksum: sha1:cfbc72ca05b5ac0f494e074cc8464e70e52680dc
    pristine_git_object: 4b81a9f121b7e3d7e97cb38a8ffeaf81b00a127c
  src/lib/security.ts:
    id: 0502afa7922e
    last_write_checksum: sha1:5c3cfadf9de75e6f9910cb759505abc50cd663d4
    pristine_git_object: 7850aeab64338fbcb5f636709f1af9bbd2216602
  src/lib/url.ts:
    id: b0057e24ed76
    last_write_checksum: sha1:3bceadd74bf0b31adf13eb06b7531077c3e07d65
    pristine_git_object: 79e7ce660b3732053e3adcbb5a4cdeb51496e8aa
  src/models/challenge.ts:
    id: b38fa173aebc
    last_write_checksum: sha1:e43f4a7693e650de6a818256597ed9b59f3d85d5
    pristine_git_object: ebfc3bbf2c7b65412be7eb8e40ed68511ba62660
  src/models/errors/error-response.ts:
    id: 6459edd35024
    last_write_checksum: sha1:e51ebd707edb921beabb7f7c8466a5313236056b
    pristine_git_object: 81d8ce32358522e9b0d9cd47c9d981eb329fbd0c
  src/models/errors/http-client-errors.ts:
    id: 08390231aab8
    last_write_checksum: sha1:994ced121c54fecd0af038ccfb7855fbfd3868ec
    pristine_git_object: b34f612124c797c2a1106b9735708f679a90b74f
  src/models/errors/index.ts:
    id: c4e22507cb83
    last_write_checksum: sha1:8af9fc2288bc2c74d4c0607fa78296273509d655
    pristine_git_object: 7d807f3b611f8316d27e0ae8dfa5e53e2e0403ad
  src/models/errors/response-validation-error.ts:
    id: a6ce701a9571
    last_write_checksum: sha1:195716cae6080196c1d7f78611b6b2d73d452dd4
    pristine_git_object: 373add5d6414ff9c9d1b28f7584dfa92a907f012
  src/models/errors/sdk-validation-error.ts:
    id: 9b17e7ef247f
    last_write_checksum: sha1:92771987c251f02fd86cfd824a3be709cd3c2837
    pristine_git_object: db00022e05d55600252f401eb0e6ab46278e0b07
  src/models/errors/tdd-app-default-error.ts:
    id: 16e24c95b4c4
    last_write_checksum: sha1:feb91d07e45ceb1249f13ece0397583b4a318bd7
    pristine_git_object: 89d3a751a331f642a7a46f3dc4be03d8e871cc04
  src/models/errors/tdd-app-error.ts:
    id: 1851714bf20d
    last_write_checksum: sha1:bbf823231906d84bedad606e3398b0713b733857
    pristine_git_object: 44205fd07405de937e2c97de9d37b75384aef667
  src/models/health-response.ts:
    id: b46db3da75f9
    last_write_checksum: sha1:148f205032806b630cd3e5273e694785a8e33d59
    pristine_git_object: 41dbd80834bc4f2136c2d4ff7111f2bdd9961be0
  src/models/index.ts:
    id: f93644b0f37e
    last_write_checksum: sha1:a2c9eb97f07317f87b6c10b63a1329a35ecccba1
    pristine_git_object: f1edd5a937d2926b9ee5ccf2ea89248cea1f8f3c
  src/models/operations/get-challenge.ts:
    id: 1c8f8a95fd27
    last_write_checksum: sha1:441efdb7fa4f8df6833cc343bd560e888a4a139c
    pristine_git_object: 18c6901b3f7e58c2663ebff36c48a30de6453e2c
  src/models/operations/index.ts:
    id: 0d9ffaf774d2
    last_write_checksum: sha1:993f6c29e40a2bdca9af142289e4635d0f020bf7
    pristine_git_object: eaf951b35c616e8111b1aecd1bb19ee2185622eb
  src/sdk/challenges.ts:
    id: 7c0ead91d1d6
    last_write_checksum: sha1:1d21f9597dd40b9424d226adfbc2959195444b1b
    pristine_git_object: c5a044d6589acf414060357e382f8029af1558fd
  src/sdk/health.ts:
    id: d2e0a0845caf
    last_write_checksum: sha1:54f472484d93988a28656b0aabe9fae222dc57c2
    pristine_git_object: 072d72b01c1674b930657629064f4ad6d5a5c7db
  src/sdk/index.ts:
    id: a857902a703f
    last_write_checksum: sha1:ed6d64f2a6135349aa8498b8d8cff9ba85c7fb8f
    pristine_git_object: ecac2264817bb369ff2dbf0f0e9029807e67ff77
  src/sdk/sdk.ts:
    id: 784571af2f69
    last_write_checksum: sha1:290572998b6280e07c5bd3c1185fada2ceacffe3
    pristine_git_object: 6e1233e274690c76ab0a3bb1cde1762dd3c360ed
  src/types/async.ts:
    id: fac8da972f86
    last_write_checksum: sha1:675d04bb4b4081dc3482f18de98674f9b446e7b4
    pristine_git_object: 1543b95cf7be9b5a871d7395f259dbd65331dc21
  src/types/blobs.ts:
    id: f8ab9b326c86
    last_write_checksum: sha1:fd681458b532138913c372b05b3e16407abaa7a1
    pristine_git_object: 3deb988d444f7d202eda723492d7c1d76c5c208d
  src/types/const-date-time.ts:
    id: b3487d7170f2
    last_write_checksum: sha1:ce05316b31b373401875d5e962d63d2422e09cf2
    pristine_git_object: 586ee46aa2273cdf680bb542b4ef5dd953a48a08
  src/types/default-to-zero-value.ts:
    id: 6e0f763ae8c8
    last_write_checksum: sha1:2820c0bc8e71d475e79cc6b6947ca18d93f6310c
    pristine_git_object: c4cad53db08687649a55c711c4f4b3a29f7b7d24
  src/types/enums.ts:
    id: 4d03ddfe5100
    last_write_checksum: sha1:d7d0ffad0c128a11c5feb1f0ae8f3b507ee03c14
    pristine_git_object: a523bdde4b5b8144cf26414e32fc2319f2c466fa
  src/types/fp.ts:
    id: ae9f0fb8aab6
    last_write_checksum: sha1:d24994d58f37a1ca106847fcc6d2e976c6f1c093
    pristine_git_object: ccbe51eac69dfb0da5131f14fd753c4b47c1d527
  src/types/index.ts:
    id: cd7a0a5ed005
    last_write_checksum: sha1:a591fec0ad2231615101ebb6a95cc4d043733a6c
    pristine_git_object: d75cb43bf5811991f96203650c264af2b4c78b41
  src/types/operations.ts:
    id: 314da01dca47
    last_write_checksum: sha1:c49e724cfb1259296381cb57bc0fcdd2eae45865
    pristine_git_object: beb81e10f0b9eee2ed398a853fe6f737b743f818
  src/types/primitives.ts:
    id: 0cd7f4ac625d
    last_write_checksum: sha1:a521a09fa18b1af857d29477d3aa7007b42583ed
    pristine_git_object: 5c4e93d2030e8b820b6d8f060a275502a66c1a87
  src/types/rfcdate.ts:
    id: 9eb64906dcd6
    last_write_checksum: sha1:8e5f382e02fe21c2f2e24deb1b7bbf8cddd3dd16
    pristine_git_object: c79b3f53a3dd922aa2ace5a4191c8652cf9a8e89
  src/types/smart-union.ts:
    id: 2e3af2ad4ea7
    last_write_checksum: sha1:9928dbec2d8ad501da8518c10ec6df3b441eb5c9
    pristine_git_object: a9db55cfc1d1cbdcc480dfa5eeead3ee526d6953
  src/types/streams.ts:
    id: f99be9c4bf14
    last_write_checksum: sha1:cc9ced2dd34a76c3a1bd7784ccda1cc3b37ab9a9
    pristine_git_object: a0163e7a99cea88f21d0ad4ce3af1c720180ee20
  src/types/unrecognized.ts:
    id: 476605c40716
    last_write_checksum: sha1:d33ac686528492f4cdc0dbf81ed343b4afe020fe
    pristine_git_object: b7a2a13f3dff50663429df24ae2f55b647ff1084
  tsconfig.json:
    id: 61ebb9fd6e8c
    last_write_checksum: sha1:4f9c4daf3281a9be06591b2814e5bbcf98b5c803
    pristine_git_object: e6cd950ad724815ee1ed48ef2e52389cbd3a9143
examples:
  getHealth:
    speakeasy-default-get-health:
      responses:
        "200":
          application/json: {"status": "ok"}
        "500":
          application/json: {"message": "Challenge not found"}
  listChallenges:
    speakeasy-default-list-challenges:
      responses:
        "200":
          application/json: [{"id": "react-counter", "title": "Build a Counter", "description": "Create a counter by starting with behavior tests, then implement the smallest solution.", "difficulty": "Beginner", "concepts": ["React state", "Events", "Component tests"], "steps": ["Write the failing test", "Implement the counter", "Refactor"]}]
        "500":
          application/json: {"message": "Challenge not found"}
  getChallenge:
    speakeasy-default-get-challenge:
      parameters:
        path:
          id: "react-counter"
      responses:
        "200":
          application/json: {"id": "react-counter", "title": "Build a Counter", "description": "Create a counter by starting with behavior tests, then implement the smallest solution.", "difficulty": "Beginner", "concepts": ["React state", "Events", "Component tests"], "steps": ["Write the failing test", "Implement the counter", "Refactor"]}
        "404":
          application/json: {"message": "Challenge not found"}
        "500":
          application/json: {"message": "Challenge not found"}
examplesVersion: 1.0.2
