speakeasyVersion: 1.800.1
sources:
    TDD Challenge API:
        sourceNamespace: tdd-challenge-api
        sourceRevisionDigest: sha256:fed8525ce96611eefdec2385eb082ec4f49c7d476f98581170b2795c2c35a526
        sourceBlobDigest: sha256:3f115dce2a2600353d0aa03260afe5ec3668fa7b50d91690ba88a4f0a1e35983
        tags:
            - latest
            - 1.0.0
targets:
    tdd-app:
        source: TDD Challenge API
        sourceNamespace: tdd-challenge-api
        sourceRevisionDigest: sha256:fed8525ce96611eefdec2385eb082ec4f49c7d476f98581170b2795c2c35a526
        sourceBlobDigest: sha256:3f115dce2a2600353d0aa03260afe5ec3668fa7b50d91690ba88a4f0a1e35983
        codeSamplesNamespace: tdd-challenge-api-typescript-code-samples
        codeSamplesRevisionDigest: sha256:e01e9f8233c2f41798c783da8d4ab7875e1c61a3424a0bd50050db8bf324a5bc
workflow:
    workflowVersion: 1.0.0
    speakeasyVersion: latest
    sources:
        TDD Challenge API:
            inputs:
                - location: ../../backend/openapi.yaml
            output: .speakeasy/out.openapi.yaml
            registry:
                location: registry.speakeasyapi.dev/dataxis-labs/tddapp/tdd-challenge-api
    targets:
        tdd-app:
            target: typescript
            source: TDD Challenge API
            codeSamples:
                registry:
                    location: registry.speakeasyapi.dev/dataxis-labs/tddapp/tdd-challenge-api-typescript-code-samples
                labelOverride:
                    fixedValue: Typescript (SDK)
                blocking: false
